# THIS IS AN AUTOGENERATED FILE. DO NOT EDIT THIS FILE DIRECTLY.
# yarn lockfile v1


"@adraffy/ens-normalize@^1.10.1":
  version "1.11.0"
  resolved "https://registry.yarnpkg.com/@adraffy/ens-normalize/-/ens-normalize-1.11.0.tgz#42cc67c5baa407ac25059fcd7d405cc5ecdb0c33"
  integrity sha512-/3DDPKHqqIqxUULp8yP4zODUY1i+2xvVWsv8A79xGWdCAG+8sb0hRh0Rk2QyOJUnnbyPUAZYcpBuRe3nS2OIUg==

"@ai-sdk/openai@^1.0.4":
  version "1.1.9"
  resolved "https://registry.yarnpkg.com/@ai-sdk/openai/-/openai-1.1.9.tgz#8ea8a7403b70fafcefe0dbfe9e4170148e5109ce"
  integrity sha512-t/CpC4TLipdbgBJTMX/otzzqzCMBSPQwUOkYPGbT/jyuC86F+YO9o+LS0Ty2pGUE1kyT+B3WmJ318B16ZCg4hw==
  dependencies:
    "@ai-sdk/provider" "1.0.7"
    "@ai-sdk/provider-utils" "2.1.6"

"@ai-sdk/provider-utils@2.0.2":
  version "2.0.2"
  resolved "https://registry.yarnpkg.com/@ai-sdk/provider-utils/-/provider-utils-2.0.2.tgz#ea9d510be442b38bd40ae50dbf5b64ffc396952b"
  integrity sha512-IAvhKhdlXqiSmvx/D4uNlFYCl8dWT+M9K+IuEcSgnE2Aj27GWu8sDIpAf4r4Voc+wOUkOECVKQhFo8g9pozdjA==
  dependencies:
    "@ai-sdk/provider" "1.0.1"
    eventsource-parser "^3.0.0"
    nanoid "^3.3.7"
    secure-json-parse "^2.7.0"

"@ai-sdk/provider-utils@2.1.6":
  version "2.1.6"
  resolved "https://registry.yarnpkg.com/@ai-sdk/provider-utils/-/provider-utils-2.1.6.tgz#5b2bff2d44ffa8ec629109ea2b28d2a7528104b4"
  integrity sha512-Pfyaj0QZS22qyVn5Iz7IXcJ8nKIKlu2MeSAdKJzTwkAks7zdLaKVB+396Rqcp1bfQnxl7vaduQVMQiXUrgK8Gw==
  dependencies:
    "@ai-sdk/provider" "1.0.7"
    eventsource-parser "^3.0.0"
    nanoid "^3.3.8"
    secure-json-parse "^2.7.0"

"@ai-sdk/provider@1.0.1":
  version "1.0.1"
  resolved "https://registry.yarnpkg.com/@ai-sdk/provider/-/provider-1.0.1.tgz#8172a3cbbfa61bb40b88512165f70fe3c186cb60"
  integrity sha512-mV+3iNDkzUsZ0pR2jG0sVzU6xtQY5DtSCBy3JFycLp6PwjyLw/iodfL3MwdmMCRJWgs3dadcHejRnMvF9nGTBg==
  dependencies:
    json-schema "^0.4.0"

"@ai-sdk/provider@1.0.7":
  version "1.0.7"
  resolved "https://registry.yarnpkg.com/@ai-sdk/provider/-/provider-1.0.7.tgz#66e07407678153b514aebf3f1c3c035e5e833380"
  integrity sha512-q1PJEZ0qD9rVR+8JFEd01/QM++csMT5UVwYXSN2u54BrVw/D8TZLTeg2FEfKK00DgAx0UtWd8XOhhwITP9BT5g==
  dependencies:
    json-schema "^0.4.0"

"@ai-sdk/react@1.0.2":
  version "1.0.2"
  resolved "https://registry.yarnpkg.com/@ai-sdk/react/-/react-1.0.2.tgz#b0a9592a63f2b03df3285fb6f786862ae5082e88"
  integrity sha512-VQfQ6PMiUz4hDquAfjih0DIw4gsQvRFk91SFg2xWirDO4swMZByJzqGGcILPQKbww5ndCo48iZj9S1mLKZo5Dg==
  dependencies:
    "@ai-sdk/provider-utils" "2.0.2"
    "@ai-sdk/ui-utils" "1.0.2"
    swr "^2.2.5"
    throttleit "2.1.0"

"@ai-sdk/react@1.1.8":
  version "1.1.8"
  resolved "https://registry.yarnpkg.com/@ai-sdk/react/-/react-1.1.8.tgz#3cf160e6932d81b5eb3f777b95ddcc56affaf59c"
  integrity sha512-buHm7hP21xEOksnRQtJX9fKbi7cAUwanEBa5niddTDibCDKd+kIXP2vaJGy8+heB3rff+XSW3BWlA8pscK+n1g==
  dependencies:
    "@ai-sdk/provider-utils" "2.1.6"
    "@ai-sdk/ui-utils" "1.1.8"
    swr "^2.2.5"
    throttleit "2.1.0"

"@ai-sdk/ui-utils@1.0.2":
  version "1.0.2"
  resolved "https://registry.yarnpkg.com/@ai-sdk/ui-utils/-/ui-utils-1.0.2.tgz#2b5ad527f821b055663ddc60f2c45a82956091a0"
  integrity sha512-hHrUdeThGHu/rsGZBWQ9PjrAU9Htxgbo9MFyR5B/aWoNbBeXn1HLMY1+uMEnXL5pRPlmyVRjgIavWg7UgeNDOw==
  dependencies:
    "@ai-sdk/provider" "1.0.1"
    "@ai-sdk/provider-utils" "2.0.2"
    zod-to-json-schema "^3.23.5"

"@ai-sdk/ui-utils@1.1.8":
  version "1.1.8"
  resolved "https://registry.yarnpkg.com/@ai-sdk/ui-utils/-/ui-utils-1.1.8.tgz#8937ff092f48ce5421e27d1d4ebe09ced69b0ef4"
  integrity sha512-nbok53K1EalO2sZjBLFB33cqs+8SxiL6pe7ekZ7+5f2MJTwdvpShl6d9U4O8fO3DnZ9pYLzaVC0XNMxnJt030Q==
  dependencies:
    "@ai-sdk/provider" "1.0.7"
    "@ai-sdk/provider-utils" "2.1.6"
    zod-to-json-schema "^3.24.1"

"@goat-sdk/adapter-vercel-ai@workspace:*":
  version "0.2.7"
  resolved "https://registry.yarnpkg.com/@goat-sdk/adapter-vercel-ai/-/adapter-vercel-ai-0.2.7.tgz#7eab67e3d72e180fae1047b4f9e38c3c4a4bcbef"
  integrity sha512-y6W7ZOpe4bh7PiafzcY87RsgbVBr6ESKGdxLbJ1bQNbm/6DPJyXC8lpRi4zy+OOzbHtwupCl50w7jteJuwf6XA==
  dependencies:
    "@goat-sdk/core" "0.4.6"
    ai "4.0.3"

"@goat-sdk/core@0.4.6", "@goat-sdk/core@workspace:*":
  version "0.4.6"
  resolved "https://registry.yarnpkg.com/@goat-sdk/core/-/core-0.4.6.tgz#ef0b1894e581ef2b55ba3a85c5478f0572c523ba"
  integrity sha512-jFk0G9d/WlR1juIhCKtgEr7HBi2v7/veqouP1Zm1KC6EU2bNHXMYrh2TkeO1wjep3ur1MK4DDY1c+rS4WSY/7g==
  dependencies:
    reflect-metadata "0.2.2"

"@goat-sdk/plugin-erc20@workspace:*":
  version "0.2.9"
  resolved "https://registry.yarnpkg.com/@goat-sdk/plugin-erc20/-/plugin-erc20-0.2.9.tgz#d3de3b5476cee16d1b5a0acc506d99e86700054b"
  integrity sha512-lUhCDn55wqccq82HKd2CKlYx33Cz3hWYkevwAdgTLD78Bk9gCURw11f+02YKYyYPFaxN17bC0UPrJ51DNitAAw==
  dependencies:
    "@goat-sdk/core" "0.4.6"
    "@goat-sdk/wallet-evm" "0.2.7"
    viem "2.21.49"
    zod "3.23.8"

"@goat-sdk/plugin-erc721@workspace:*":
  version "0.1.18"
  resolved "https://registry.yarnpkg.com/@goat-sdk/plugin-erc721/-/plugin-erc721-0.1.18.tgz#01d8e161c5c2b78dedf5909e5b137ce475caebeb"
  integrity sha512-25Ri+Fze0GiXSkm4iUbc3SH+TjthDD/gnt6T6f18ocVP929PlIu9Va1IHahldicyxpj0MzqVxysZ1reWLNWKPw==
  dependencies:
    "@goat-sdk/core" "0.4.6"
    "@goat-sdk/wallet-evm" "0.2.7"
    viem "2.21.49"
    zod "3.23.8"

"@goat-sdk/plugin-kim@workspace:*":
  version "0.1.9"
  resolved "https://registry.yarnpkg.com/@goat-sdk/plugin-kim/-/plugin-kim-0.1.9.tgz#44884e2a6d6163acd36514ffb9bbdafa09e4da41"
  integrity sha512-NJaSl9LVtzlQ2hEjydqTHi3kEDR4FoSBn9mcVcyXfnY3jpUP6k0sdS1fJyKS8N5DgUAL6gF7AgG5n2Ek7f7iBw==
  dependencies:
    "@goat-sdk/core" "0.4.6"
    "@goat-sdk/wallet-evm" "0.2.7"
    viem "2.21.49"
    zod "3.23.8"

"@goat-sdk/wallet-evm@0.2.7", "@goat-sdk/wallet-evm@workspace:*":
  version "0.2.7"
  resolved "https://registry.yarnpkg.com/@goat-sdk/wallet-evm/-/wallet-evm-0.2.7.tgz#e8c3176f936e6b064205b7dcf70c0c35feb1f50c"
  integrity sha512-1lWDAn/QAnGb6k7Fd8pS6g6Rz9jU2HB5mS/auxRyex9ohRnYlCluFz9aBo0G9rPVfPrviyMbVH+yCB1Fl3VxPg==
  dependencies:
    "@goat-sdk/core" "0.4.6"
    abitype "^1.0.6"
    viem "2.21.49"
    zod "3.23.8"

"@goat-sdk/wallet-viem@workspace:*":
  version "0.2.7"
  resolved "https://registry.yarnpkg.com/@goat-sdk/wallet-viem/-/wallet-viem-0.2.7.tgz#4513d53b85395ad8bb5df95eeb22abc2d1274cee"
  integrity sha512-PYH6HSQ1/A87zeluRqrRop+eaC8i//EUEHgRd9FvdI8prp+bHI2OFTk/h5AdH37cowCUUxHjUd9rtuBQkxMusQ==
  dependencies:
    "@goat-sdk/wallet-evm" "0.2.7"
    viem "2.21.49"

"@noble/curves@1.6.0", "@noble/curves@~1.6.0":
  version "1.6.0"
  resolved "https://registry.yarnpkg.com/@noble/curves/-/curves-1.6.0.tgz#be5296ebcd5a1730fccea4786d420f87abfeb40b"
  integrity sha512-TlaHRXDehJuRNR9TfZDNQ45mMEd5dwUwmicsafcIX4SsNiqnCHKjE/1alYPd/lDRVhxdhUAlv8uEhMCI5zjIJQ==
  dependencies:
    "@noble/hashes" "1.5.0"

"@noble/curves@^1.4.0", "@noble/curves@^1.6.0", "@noble/curves@~1.8.1":
  version "1.8.1"
  resolved "https://registry.yarnpkg.com/@noble/curves/-/curves-1.8.1.tgz#19bc3970e205c99e4bdb1c64a4785706bce497ff"
  integrity sha512-warwspo+UYUPep0Q+vtdVB4Ugn8GGQj8iyB3gnRWsztmUHTI3S1nhdiWNsPUGL0vud7JlRRk1XEu7Lq1KGTnMQ==
  dependencies:
    "@noble/hashes" "1.7.1"

"@noble/hashes@1.5.0", "@noble/hashes@~1.5.0":
  version "1.5.0"
  resolved "https://registry.yarnpkg.com/@noble/hashes/-/hashes-1.5.0.tgz#abadc5ca20332db2b1b2aa3e496e9af1213570b0"
  integrity sha512-1j6kQFb7QRru7eKN3ZDvRcP13rugwdxZqCjbiAVZfIJwgj2A65UmT4TgARXGlXgnRkORLTDTrO19ZErt7+QXgA==

"@noble/hashes@1.7.1", "@noble/hashes@^1.4.0", "@noble/hashes@^1.5.0", "@noble/hashes@~1.7.1":
  version "1.7.1"
  resolved "https://registry.yarnpkg.com/@noble/hashes/-/hashes-1.7.1.tgz#5738f6d765710921e7a751e00c20ae091ed8db0f"
  integrity sha512-B8XBPsn4vT/KJAGqDzbwztd+6Yte3P4V7iafm24bxgDe/mlRuK6xmWPuCNrKt2vDafZ8MfJLlchDG/vYafQEjQ==

"@opentelemetry/api@1.9.0":
  version "1.9.0"
  resolved "https://registry.yarnpkg.com/@opentelemetry/api/-/api-1.9.0.tgz#d03eba68273dc0f7509e2a3d5cba21eae10379fe"
  integrity sha512-3giAOQvZiH5F9bMlMiv8+GSPMeqg0dbaeo58/0SlA9sxSqZhnUtxzX9/2FzyhS9sWQf5S0GJE0AKBrFqjpeYcg==

"@scure/base@~1.1.7", "@scure/base@~1.1.8":
  version "1.1.9"
  resolved "https://registry.yarnpkg.com/@scure/base/-/base-1.1.9.tgz#e5e142fbbfe251091f9c5f1dd4c834ac04c3dbd1"
  integrity sha512-8YKhl8GHiNI/pU2VMaofa2Tor7PJRAjwQLBBuilkJ9L5+13yVbC7JO/wS7piioAvPSwR3JKM1IJ/u4xQzbcXKg==

"@scure/base@~1.2.2", "@scure/base@~1.2.4":
  version "1.2.4"
  resolved "https://registry.yarnpkg.com/@scure/base/-/base-1.2.4.tgz#002eb571a35d69bdb4c214d0995dff76a8dcd2a9"
  integrity sha512-5Yy9czTO47mqz+/J8GM6GIId4umdCk1wc1q8rKERQulIoc8VP9pzDcghv10Tl2E7R96ZUx/PhND3ESYUQX8NuQ==

"@scure/bip32@1.5.0":
  version "1.5.0"
  resolved "https://registry.yarnpkg.com/@scure/bip32/-/bip32-1.5.0.tgz#dd4a2e1b8a9da60e012e776d954c4186db6328e6"
  integrity sha512-8EnFYkqEQdnkuGBVpCzKxyIwDCBLDVj3oiX0EKUFre/tOjL/Hqba1D6n/8RcmaQy4f95qQFrO2A8Sr6ybh4NRw==
  dependencies:
    "@noble/curves" "~1.6.0"
    "@noble/hashes" "~1.5.0"
    "@scure/base" "~1.1.7"

"@scure/bip32@^1.5.0":
  version "1.6.2"
  resolved "https://registry.yarnpkg.com/@scure/bip32/-/bip32-1.6.2.tgz#093caa94961619927659ed0e711a6e4bf35bffd0"
  integrity sha512-t96EPDMbtGgtb7onKKqxRLfE5g05k7uHnHRM2xdE6BP/ZmxaLtPek4J4KfVn/90IQNrU1IOAqMgiDtUdtbe3nw==
  dependencies:
    "@noble/curves" "~1.8.1"
    "@noble/hashes" "~1.7.1"
    "@scure/base" "~1.2.2"

"@scure/bip39@1.4.0":
  version "1.4.0"
  resolved "https://registry.yarnpkg.com/@scure/bip39/-/bip39-1.4.0.tgz#664d4f851564e2e1d4bffa0339f9546ea55960a6"
  integrity sha512-BEEm6p8IueV/ZTfQLp/0vhw4NPnT9oWf5+28nvmeUICjP99f4vr2d+qc7AVGDDtwRep6ifR43Yed9ERVmiITzw==
  dependencies:
    "@noble/hashes" "~1.5.0"
    "@scure/base" "~1.1.8"

"@scure/bip39@^1.4.0":
  version "1.5.4"
  resolved "https://registry.yarnpkg.com/@scure/bip39/-/bip39-1.5.4.tgz#07fd920423aa671be4540d59bdd344cc1461db51"
  integrity sha512-TFM4ni0vKvCfBpohoh+/lY05i9gRbSwXWngAsF4CABQxoaOHijxuaZ2R6cStDQ5CHtHO9aGJTr4ksVJASRRyMA==
  dependencies:
    "@noble/hashes" "~1.7.1"
    "@scure/base" "~1.2.4"

"@types/diff-match-patch@^1.0.36":
  version "1.0.36"
  resolved "https://registry.yarnpkg.com/@types/diff-match-patch/-/diff-match-patch-1.0.36.tgz#dcef10a69d357fe9d43ac4ff2eca6b85dbf466af"
  integrity sha512-xFdR6tkm0MWvBfO8xXCSsinYxHcqkQUlcHeSpMC2ukzOb6lwQAfDmW+Qt0AvlGd8HpsS28qKsB+oPeJn9I39jg==

"@types/node@^22.13.0":
  version "22.13.0"
  resolved "https://registry.yarnpkg.com/@types/node/-/node-22.13.0.tgz#d376dd9a0ee2f9382d86c2d5d7beb4d198b4ea8c"
  integrity sha512-ClIbNe36lawluuvq3+YYhnIN2CELi+6q8NpnM7PYp4hBn/TatfboPgVSm2rwKRfnV2M+Ty9GWDFI64KEe+kysA==
  dependencies:
    undici-types "~6.20.0"

abitype@1.0.6:
  version "1.0.6"
  resolved "https://registry.yarnpkg.com/abitype/-/abitype-1.0.6.tgz#76410903e1d88e34f1362746e2d407513c38565b"
  integrity sha512-MMSqYh4+C/aVqI2RQaWqbvI4Kxo5cQV40WQ4QFtDnNzCkqChm8MuENhElmynZlO0qUy/ObkEUaXtKqYnx1Kp3A==

abitype@^1.0.6:
  version "1.0.8"
  resolved "https://registry.yarnpkg.com/abitype/-/abitype-1.0.8.tgz#3554f28b2e9d6e9f35eb59878193eabd1b9f46ba"
  integrity sha512-ZeiI6h3GnW06uYDLx0etQtX/p8E24UaHHBj57RSjK7YBFe7iuVn07EDpOeP451D06sF27VOz9JJPlIKJmXgkEg==

ai@4.0.3:
  version "4.0.3"
  resolved "https://registry.yarnpkg.com/ai/-/ai-4.0.3.tgz#0f066137743411b1b37d518ce993532cb0cd2183"
  integrity sha512-nx5cNMldOQ72hwxL60NLtRnsmQd5Bo887Wznvxt8F5xnmjdeXRpz4ixp+0xGA88X7wiCn6c+xrhGEb9fesi/Tw==
  dependencies:
    "@ai-sdk/provider" "1.0.1"
    "@ai-sdk/provider-utils" "2.0.2"
    "@ai-sdk/react" "1.0.2"
    "@ai-sdk/ui-utils" "1.0.2"
    "@opentelemetry/api" "1.9.0"
    jsondiffpatch "0.6.0"
    zod-to-json-schema "^3.23.5"

"ai@catalog:":
  version "4.1.16"
  resolved "https://registry.yarnpkg.com/ai/-/ai-4.1.16.tgz#6cbac391e36655def0ccab61bd46f847d0c966fb"
  integrity sha512-4l8Dl2+reG210/l19E/D9NrpfumJuiyih7EehVm1wdMhz4/rSLjVewxkcmdcTczPee3/axB5Rp5h8q5hyIYB/g==
  dependencies:
    "@ai-sdk/provider" "1.0.7"
    "@ai-sdk/provider-utils" "2.1.6"
    "@ai-sdk/react" "1.1.8"
    "@ai-sdk/ui-utils" "1.1.8"
    "@opentelemetry/api" "1.9.0"
    jsondiffpatch "0.6.0"

chalk@^5.3.0:
  version "5.4.1"
  resolved "https://registry.yarnpkg.com/chalk/-/chalk-5.4.1.tgz#1b48bf0963ec158dce2aacf69c093ae2dd2092d8"
  integrity sha512-zgVZuo2WcZgfUEmsn6eO3kINexW8RAE4maiQ8QNs8CtpPCSyMiYsULR3HQYkm3w8FIA3SberyMJMSldGsW+U3w==

dequal@^2.0.3:
  version "2.0.3"
  resolved "https://registry.yarnpkg.com/dequal/-/dequal-2.0.3.tgz#2644214f1997d39ed0ee0ece72335490a7ac67be"
  integrity sha512-0je+qPKHEMohvfRTCEo3CrPG6cAzAYgmzKyxRiYSSDkS6eGJdyVJm7WaYA5ECaAD9wLB2T4EEeymA5aFVcYXCA==

diff-match-patch@^1.0.5:
  version "1.0.5"
  resolved "https://registry.yarnpkg.com/diff-match-patch/-/diff-match-patch-1.0.5.tgz#abb584d5f10cd1196dfc55aa03701592ae3f7b37"
  integrity sha512-IayShXAgj/QMXgB0IWmKx+rOPuGMhqm5w6jvFxmVenXKIzRqTAAsbBPT3kWQeGANj3jGgvcvv4yK6SxqYmikgw==

dotenv@^16.4.5:
  version "16.4.7"
  resolved "https://registry.yarnpkg.com/dotenv/-/dotenv-16.4.7.tgz#0e20c5b82950140aa99be360a8a5f52335f53c26"
  integrity sha512-47qPchRCykZC03FhkYAhrvwU4xDBFIj1QPqaarj6mdM/hgUzfPHcpkHJOn3mJAufFeeAxAzeGsr5X0M4k6fLZQ==

eventemitter3@5.0.1:
  version "5.0.1"
  resolved "https://registry.yarnpkg.com/eventemitter3/-/eventemitter3-5.0.1.tgz#53f5ffd0a492ac800721bb42c66b841de96423c4"
  integrity sha512-GWkBvjiSZK87ELrYOSESUYeVIc9mvLLf/nXalMOS5dYrgZq9o5OVkbZAVM06CVxYsCwH9BDZFPlQTlPA1j4ahA==

eventsource-parser@^3.0.0:
  version "3.0.0"
  resolved "https://registry.yarnpkg.com/eventsource-parser/-/eventsource-parser-3.0.0.tgz#9303e303ef807d279ee210a17ce80f16300d9f57"
  integrity sha512-T1C0XCUimhxVQzW4zFipdx0SficT651NnkR0ZSH3yQwh+mFMdLfgjABVi4YtMTtaL4s168593DaoaRLMqryavA==

isows@1.0.6:
  version "1.0.6"
  resolved "https://registry.yarnpkg.com/isows/-/isows-1.0.6.tgz#0da29d706fa51551c663c627ace42769850f86e7"
  integrity sha512-lPHCayd40oW98/I0uvgaHKWCSvkzY27LjWLbtzOm64yQ+G3Q5npjjbdppU65iZXkK1Zt+kH9pfegli0AYfwYYw==

json-schema@^0.4.0:
  version "0.4.0"
  resolved "https://registry.yarnpkg.com/json-schema/-/json-schema-0.4.0.tgz#f7de4cf6efab838ebaeb3236474cbba5a1930ab5"
  integrity sha512-es94M3nTIfsEPisRafak+HDLfHXnKBhV3vU5eqPcS3flIWqcxJWgXHXiey3YrpaNsanY5ei1VoYEbOzijuq9BA==

jsondiffpatch@0.6.0:
  version "0.6.0"
  resolved "https://registry.yarnpkg.com/jsondiffpatch/-/jsondiffpatch-0.6.0.tgz#daa6a25bedf0830974c81545568d5f671c82551f"
  integrity sha512-3QItJOXp2AP1uv7waBkao5nCvhEv+QmJAd38Ybq7wNI74Q+BBmnLn4EDKz6yI9xGAIQoUF87qHt+kc1IVxB4zQ==
  dependencies:
    "@types/diff-match-patch" "^1.0.36"
    chalk "^5.3.0"
    diff-match-patch "^1.0.5"

nanoid@^3.3.7, nanoid@^3.3.8:
  version "3.3.8"
  resolved "https://registry.yarnpkg.com/nanoid/-/nanoid-3.3.8.tgz#b1be3030bee36aaff18bacb375e5cce521684baf"
  integrity sha512-WNLf5Sd8oZxOm+TzppcYk8gVOgP+l58xNy58D0nbUnOxOWRWvlcCV4kUF7ltmI6PsrLl/BgKEyS4mqsGChFN0w==

ox@0.1.2:
  version "0.1.2"
  resolved "https://registry.yarnpkg.com/ox/-/ox-0.1.2.tgz#0f791be2ccabeaf4928e6d423498fe1c8094e560"
  integrity sha512-ak/8K0Rtphg9vnRJlbOdaX9R7cmxD2MiSthjWGaQdMk3D7hrAlDoM+6Lxn7hN52Za3vrXfZ7enfke/5WjolDww==
  dependencies:
    "@adraffy/ens-normalize" "^1.10.1"
    "@noble/curves" "^1.6.0"
    "@noble/hashes" "^1.5.0"
    "@scure/bip32" "^1.5.0"
    "@scure/bip39" "^1.4.0"
    abitype "^1.0.6"
    eventemitter3 "5.0.1"

reflect-metadata@0.2.2:
  version "0.2.2"
  resolved "https://registry.yarnpkg.com/reflect-metadata/-/reflect-metadata-0.2.2.tgz#400c845b6cba87a21f2c65c4aeb158f4fa4d9c5b"
  integrity sha512-urBwgfrvVP/eAyXx4hluJivBKzuEbSQs9rKWCrCkbSxNv8mxPcUZKeuoF3Uy4mJl3Lwprp6yy5/39VWigZ4K6Q==

secure-json-parse@^2.7.0:
  version "2.7.0"
  resolved "https://registry.yarnpkg.com/secure-json-parse/-/secure-json-parse-2.7.0.tgz#5a5f9cd6ae47df23dba3151edd06855d47e09862"
  integrity sha512-6aU+Rwsezw7VR8/nyvKTx8QpWH9FrcYiXXlqC4z5d5XQBDRqtbfsRjnwGyqbi3gddNtWHuEk9OANUotL26qKUw==

swr@^2.2.5:
  version "2.3.0"
  resolved "https://registry.yarnpkg.com/swr/-/swr-2.3.0.tgz#66fa45023efd4199f4e7ce608c255709a135943d"
  integrity sha512-NyZ76wA4yElZWBHzSgEJc28a0u6QZvhb6w0azeL2k7+Q1gAzVK+IqQYXhVOC/mzi+HZIozrZvBVeSeOZNR2bqA==
  dependencies:
    dequal "^2.0.3"
    use-sync-external-store "^1.4.0"

throttleit@2.1.0:
  version "2.1.0"
  resolved "https://registry.yarnpkg.com/throttleit/-/throttleit-2.1.0.tgz#a7e4aa0bf4845a5bd10daa39ea0c783f631a07b4"
  integrity sha512-nt6AMGKW1p/70DF/hGBdJB57B8Tspmbp5gfJ8ilhLnt7kkr2ye7hzD6NVG8GGErk2HWF34igrL2CXmNIkzKqKw==

twitter-api-v2@^1.19.0:
  version "1.19.0"
  resolved "https://registry.yarnpkg.com/twitter-api-v2/-/twitter-api-v2-1.19.0.tgz#b9a49bc79b4ba13c4b59cc02192a84aed8ebf832"
  integrity sha512-jfG4aapNPM9+4VxNxn0TXvD8Qj8NmVx6cY0hp5K626uZ41qXPaJz33Djd3y6gfHF/+W29+iZz0Y5qB869d/akA==

undici-types@~6.20.0:
  version "6.20.0"
  resolved "https://registry.yarnpkg.com/undici-types/-/undici-types-6.20.0.tgz#8171bf22c1f588d1554d55bf204bc624af388433"
  integrity sha512-Ny6QZ2Nju20vw1SRHe3d9jVu6gJ+4e3+MMpqu7pqE5HT6WsTSlce++GQmK5UXS8mzV8DSYHrQH+Xrf2jVcuKNg==

use-sync-external-store@^1.4.0:
  version "1.4.0"
  resolved "https://registry.yarnpkg.com/use-sync-external-store/-/use-sync-external-store-1.4.0.tgz#adbc795d8eeb47029963016cefdf89dc799fcebc"
  integrity sha512-9WXSPC5fMv61vaupRkCKCxsPxBocVnwakBEkMIHHpkTTg6icbJtg6jzgtLDm4bl3cSHAca52rYWih0k4K3PfHw==

viem@2.21.49:
  version "2.21.49"
  resolved "https://registry.yarnpkg.com/viem/-/viem-2.21.49.tgz#528d5e54747ba3125041cd753459a4ce673aaaa6"
  integrity sha512-NNItYfTv4+yGE5DDKc+S/g2S7KeJn047GwgEYG60FAJlK0FzwuP6lQKSeQ8k7Y4VasfuKPqiT+XiilcCtTRiDQ==
  dependencies:
    "@noble/curves" "1.6.0"
    "@noble/hashes" "1.5.0"
    "@scure/bip32" "1.5.0"
    "@scure/bip39" "1.4.0"
    abitype "1.0.6"
    isows "1.0.6"
    ox "0.1.2"
    webauthn-p256 "0.0.10"
    ws "8.18.0"

webauthn-p256@0.0.10:
  version "0.0.10"
  resolved "https://registry.yarnpkg.com/webauthn-p256/-/webauthn-p256-0.0.10.tgz#877e75abe8348d3e14485932968edf3325fd2fdd"
  integrity sha512-EeYD+gmIT80YkSIDb2iWq0lq2zbHo1CxHlQTeJ+KkCILWpVy3zASH3ByD4bopzfk0uCwXxLqKGLqp2W4O28VFA==
  dependencies:
    "@noble/curves" "^1.4.0"
    "@noble/hashes" "^1.4.0"

ws@8.18.0:
  version "8.18.0"
  resolved "https://registry.yarnpkg.com/ws/-/ws-8.18.0.tgz#0d7505a6eafe2b0e712d232b42279f53bc289bbc"
  integrity sha512-8VbfWfHLbbwu3+N6OKsOMpBdT4kXPDDB9cJk2bJ6mh9ucxdlnNvH1e+roYkKmN9Nxw2yjz7VzeO9oOz2zJ04Pw==

zod-to-json-schema@^3.23.5, zod-to-json-schema@^3.24.1:
  version "3.24.1"
  resolved "https://registry.yarnpkg.com/zod-to-json-schema/-/zod-to-json-schema-3.24.1.tgz#f08c6725091aadabffa820ba8d50c7ab527f227a"
  integrity sha512-3h08nf3Vw3Wl3PK+q3ow/lIil81IT2Oa7YpQyUUDsEWbXveMesdfK1xBd2RhCkynwZndAxixji/7SYJJowr62w==

zod@3.23.8:
  version "3.23.8"
  resolved "https://registry.yarnpkg.com/zod/-/zod-3.23.8.tgz#e37b957b5d52079769fb8097099b592f0ef4067d"
  integrity sha512-XBx9AXhXktjUqnepgTiE5flcKIYWi/rme0Eaj+5Y0lftuGBq+jyRu/md4WnuxqgP1ubdpNCsYEYPxrzVHD8d6g==
